// This lockfile was autogenerated by Pants. To regenerate, run:
//
//    pants generate-lockfiles --resolve=python-default
//
// --- BEGIN PANTS LOCKFILE METADATA: DO NOT EDIT OR REMOVE ---
// {
//   "version": 3,
//   "valid_for_interpreter_constraints": [
//     "CPython==3.11.*"
//   ],
//   "generated_with_requirements": [
//     "aiofiles==24.1.0",
//     "ansicolors==1.1.8",
//     "click==8.1.7",
//     "httpx[http2]==0.27.0",
//     "pydantic==2.8.2",
//     "pytest-asyncio==0.23.8",
//     "pytest-httpx==0.30.0",
//     "pytest-icdiff==0.9",
//     "pytest-mock==3.14.0",
//     "pytest==8.3.2",
//     "setuptools<73,>=72.1.0",
//     "structlog>=24.4.0",
//     "types-aiofiles==24.1.0.20240626",
//     "types-setuptools<72,>=71.1.0.20240806",
//     "validators==0.33.0"
//   ],
//   "manylinux": "manylinux2014",
//   "requirement_constraints": [],
//   "only_binary": [],
//   "no_binary": []
// }
// --- END PANTS LOCKFILE METADATA ---

{
  "allow_builds": true,
  "allow_prereleases": false,
  "allow_wheels": true,
  "build_isolation": true,
  "constraints": [],
  "locked_resolves": [
    {
      "locked_requirements": [
        {
          "artifacts": [
            {
              "algorithm": "sha256",
              "hash": "b4ec55f4195e3eb5d7abd1bf7e061763e864dd4954231fb8539a0ef8bb8260e5",
              "url": "https://files.pythonhosted.org/packages/a5/45/30bb92d442636f570cb5651bc661f52b610e2eec3f891a5dc3a4c3667db0/aiofiles-24.1.0-py3-none-any.whl"
            },
            {
              "algorithm": "sha256",
              "hash": "22a075c9e5a3810f0c2e48f3008c94d68c65d763b9b03857924c99e57355166c",
              "url": "https://files.pythonhosted.org/packages/0b/03/a88171e277e8caa88a4c77808c20ebb04ba74cc4681bf1e9416c862de237/aiofiles-24.1.0.tar.gz"
            }
          ],
          "project_name": "aiofiles",
          "requires_dists": [],
          "requires_python": ">=3.8",
          "version": "24.1.0"
        },
        {
          "artifacts": [
            {
              "algorithm": "sha256",
              "hash": "1f02e8b43a8fbbc3f3e0d4f0f4bfc8131bcb4eebe8849b8e5c773f3a1c582a53",
              "url": "https://files.pythonhosted.org/packages/78/b6/6307fbef88d9b5ee7421e68d78a9f162e0da4900bc5f5793f6d3d0e34fb8/annotated_types-0.7.0-py3-none-any.whl"
            },
            {
              "algorithm": "sha256",
              "hash": "aff07c09a53a08bc8cfccb9c85b05f1aa9a2a6f23728d790723543408344ce89",
              "url": "https://files.pythonhosted.org/packages/ee/67/531ea369ba64dcff5ec9c3402f9f51bf748cec26dde048a2f973a4eea7f5/annotated_types-0.7.0.tar.gz"
            }
          ],
          "project_name": "annotated-types",
          "requires_dists": [
            "typing-extensions>=4.0.0; python_version < \"3.9\""
          ],
          "requires_python": ">=3.8",
          "version": "0.7.0"
        },
        {
          "artifacts": [
            {
              "algorithm": "sha256",
              "hash": "00d2dde5a675579325902536738dd27e4fac1fd68f773fe36c21044eb559e187",
              "url": "https://files.pythonhosted.org/packages/53/18/a56e2fe47b259bb52201093a3a9d4a32014f9d85071ad07e9d60600890ca/ansicolors-1.1.8-py2.py3-none-any.whl"
            },
            {
              "algorithm": "sha256",
              "hash": "99f94f5e3348a0bcd43c82e5fc4414013ccc19d70bd939ad71e0133ce9c372e0",
              "url": "https://files.pythonhosted.org/packages/76/31/7faed52088732704523c259e24c26ce6f2f33fbeff2ff59274560c27628e/ansicolors-1.1.8.zip"
            }
          ],
          "project_name": "ansicolors",
          "requires_dists": [],
          "requires_python": null,
          "version": "1.1.8"
        },
        {
          "artifacts": [
            {
              "algorithm": "sha256",
              "hash": "c1b2d8f46a8a812513012e1107cb0e68c17159a7a594208005a57dc776e1bdc7",
              "url": "https://files.pythonhosted.org/packages/7b/a2/10639a79341f6c019dedc95bd48a4928eed9f1d1197f4c04f546fc7ae0ff/anyio-4.4.0-py3-none-any.whl"
            },
            {
              "algorithm": "sha256",
              "hash": "5aadc6a1bbb7cdb0bede386cac5e2940f5e2ff3aa20277e991cf028e0585ce94",
              "url": "https://files.pythonhosted.org/packages/e6/e3/c4c8d473d6780ef1853d630d581f70d655b4f8d7553c6997958c283039a2/anyio-4.4.0.tar.gz"
            }
          ],
          "project_name": "anyio",
          "requires_dists": [
            "Sphinx>=7; extra == \"doc\"",
            "anyio[trio]; extra == \"test\"",
            "coverage[toml]>=7; extra == \"test\"",
            "exceptiongroup>=1.0.2; python_version < \"3.11\"",
            "exceptiongroup>=1.2.0; extra == \"test\"",
            "hypothesis>=4.0; extra == \"test\"",
            "idna>=2.8",
            "packaging; extra == \"doc\"",
            "psutil>=5.9; extra == \"test\"",
            "pytest-mock>=3.6.1; extra == \"test\"",
            "pytest>=7.0; extra == \"test\"",
            "sniffio>=1.1",
            "sphinx-autodoc-typehints>=1.2.0; extra == \"doc\"",
            "sphinx-rtd-theme; extra == \"doc\"",
            "trio>=0.23; extra == \"trio\"",
            "trustme; extra == \"test\"",
            "typing-extensions>=4.1; python_version < \"3.11\"",
            "uvloop>=0.17; (platform_python_implementation == \"CPython\" and platform_system != \"Windows\") and extra == \"test\""
          ],
          "requires_python": ">=3.8",
          "version": "4.4.0"
        },
        {
          "artifacts": [
            {
              "algorithm": "sha256",
              "hash": "c198e21b1289c2ab85ee4e67bb4b4ef3ead0892059901a8d5b622f24a1101e90",
              "url": "https://files.pythonhosted.org/packages/1c/d5/c84e1a17bf61d4df64ca866a1c9a913874b4e9bdc131ec689a0ad013fb36/certifi-2024.7.4-py3-none-any.whl"
            },
            {
              "algorithm": "sha256",
              "hash": "5a1e7645bc0ec61a09e26c36f6106dd4cf40c6db3a1fb6352b0244e7fb057c7b",
              "url": "https://files.pythonhosted.org/packages/c2/02/a95f2b11e207f68bc64d7aae9666fed2e2b3f307748d5123dffb72a1bbea/certifi-2024.7.4.tar.gz"
            }
          ],
          "project_name": "certifi",
          "requires_dists": [],
          "requires_python": ">=3.6",
          "version": "2024.7.4"
        },
        {
          "artifacts": [
            {
              "algorithm": "sha256",
              "hash": "ae74fb96c20a0277a1d615f1e4d73c8414f5a98db8b799a7931d1582f3390c28",
              "url": "https://files.pythonhosted.org/packages/00/2e/d53fa4befbf2cfa713304affc7ca780ce4fc1fd8710527771b58311a3229/click-8.1.7-py3-none-any.whl"
            },
            {
              "algorithm": "sha256",
              "hash": "ca9853ad459e787e2192211578cc907e7594e294c7ccc834310722b41b9ca6de",
              "url": "https://files.pythonhosted.org/packages/96/d3/f04c7bfcf5c1862a2a5b845c6b2b360488cf47af55dfa79c98f6a6bf98b5/click-8.1.7.tar.gz"
            }
          ],
          "project_name": "click",
          "requires_dists": [
            "colorama; platform_system == \"Windows\"",
            "importlib-metadata; python_version < \"3.8\""
          ],
          "requires_python": ">=3.7",
          "version": "8.1.7"
        },
        {
          "artifacts": [
            {
              "algorithm": "sha256",
              "hash": "e3fe4ac4b851c468cc8363d500db52c2ead036020723024a109d37346efaa761",
              "url": "https://files.pythonhosted.org/packages/95/04/ff642e65ad6b90db43e668d70ffb6736436c7ce41fcc549f4e9472234127/h11-0.14.0-py3-none-any.whl"
            },
            {
              "algorithm": "sha256",
              "hash": "8f19fbbe99e72420ff35c00b27a34cb9937e902a8b810e2c88300c6f0a3b699d",
              "url": "https://files.pythonhosted.org/packages/f5/38/3af3d3633a34a3316095b39c8e8fb4853a28a536e55d347bd8d8e9a14b03/h11-0.14.0.tar.gz"
            }
          ],
          "project_name": "h11",
          "requires_dists": [
            "typing-extensions; python_version < \"3.8\""
          ],
          "requires_python": ">=3.7",
          "version": "0.14.0"
        },
        {
          "artifacts": [
            {
              "algorithm": "sha256",
              "hash": "03a46bcf682256c95b5fd9e9a99c1323584c3eec6440d379b9903d709476bc6d",
              "url": "https://files.pythonhosted.org/packages/2a/e5/db6d438da759efbb488c4f3fbdab7764492ff3c3f953132efa6b9f0e9e53/h2-4.1.0-py3-none-any.whl"
            },
            {
              "algorithm": "sha256",
              "hash": "a83aca08fbe7aacb79fec788c9c0bac936343560ed9ec18b82a13a12c28d2abb",
              "url": "https://files.pythonhosted.org/packages/2a/32/fec683ddd10629ea4ea46d206752a95a2d8a48c22521edd70b142488efe1/h2-4.1.0.tar.gz"
            }
          ],
          "project_name": "h2",
          "requires_dists": [
            "hpack<5,>=4.0",
            "hyperframe<7,>=6.0"
          ],
          "requires_python": ">=3.6.1",
          "version": "4.1.0"
        },
        {
          "artifacts": [
            {
              "algorithm": "sha256",
              "hash": "84a076fad3dc9a9f8063ccb8041ef100867b1878b25ef0ee63847a5d53818a6c",
              "url": "https://files.pythonhosted.org/packages/d5/34/e8b383f35b77c402d28563d2b8f83159319b509bc5f760b15d60b0abf165/hpack-4.0.0-py3-none-any.whl"
            },
            {
              "algorithm": "sha256",
              "hash": "fc41de0c63e687ebffde81187a948221294896f6bdc0ae2312708df339430095",
              "url": "https://files.pythonhosted.org/packages/3e/9b/fda93fb4d957db19b0f6b370e79d586b3e8528b20252c729c476a2c02954/hpack-4.0.0.tar.gz"
            }
          ],
          "project_name": "hpack",
          "requires_dists": [],
          "requires_python": ">=3.6.1",
          "version": "4.0.0"
        },
        {
          "artifacts": [
            {
              "algorithm": "sha256",
              "hash": "421f18bac248b25d310f3cacd198d55b8e6125c107797b609ff9b7a6ba7991b5",
              "url": "https://files.pythonhosted.org/packages/78/d4/e5d7e4f2174f8a4d63c8897d79eb8fe2503f7ecc03282fee1fa2719c2704/httpcore-1.0.5-py3-none-any.whl"
            },
            {
              "algorithm": "sha256",
              "hash": "34a38e2f9291467ee3b44e89dd52615370e152954ba21721378a87b2960f7a61",
              "url": "https://files.pythonhosted.org/packages/17/b0/5e8b8674f8d203335a62fdfcfa0d11ebe09e23613c3391033cbba35f7926/httpcore-1.0.5.tar.gz"
            }
          ],
          "project_name": "httpcore",
          "requires_dists": [
            "anyio<5.0,>=4.0; extra == \"asyncio\"",
            "certifi",
            "h11<0.15,>=0.13",
            "h2<5,>=3; extra == \"http2\"",
            "socksio==1.*; extra == \"socks\"",
            "trio<0.26.0,>=0.22.0; extra == \"trio\""
          ],
          "requires_python": ">=3.8",
          "version": "1.0.5"
        },
        {
          "artifacts": [
            {
              "algorithm": "sha256",
              "hash": "71d5465162c13681bff01ad59b2cc68dd838ea1f10e51574bac27103f00c91a5",
              "url": "https://files.pythonhosted.org/packages/41/7b/ddacf6dcebb42466abd03f368782142baa82e08fc0c1f8eaa05b4bae87d5/httpx-0.27.0-py3-none-any.whl"
            },
            {
              "algorithm": "sha256",
              "hash": "a0cb88a46f32dc874e04ee956e4c2764aba2aa228f650b06788ba6bda2962ab5",
              "url": "https://files.pythonhosted.org/packages/5c/2d/3da5bdf4408b8b2800061c339f240c1802f2e82d55e50bd39c5a881f47f0/httpx-0.27.0.tar.gz"
            }
          ],
          "project_name": "httpx",
          "requires_dists": [
            "anyio",
            "brotli; platform_python_implementation == \"CPython\" and extra == \"brotli\"",
            "brotlicffi; platform_python_implementation != \"CPython\" and extra == \"brotli\"",
            "certifi",
            "click==8.*; extra == \"cli\"",
            "h2<5,>=3; extra == \"http2\"",
            "httpcore==1.*",
            "idna",
            "pygments==2.*; extra == \"cli\"",
            "rich<14,>=10; extra == \"cli\"",
            "sniffio",
            "socksio==1.*; extra == \"socks\""
          ],
          "requires_python": ">=3.8",
          "version": "0.27.0"
        },
        {
          "artifacts": [
            {
              "algorithm": "sha256",
              "hash": "0ec6bafd80d8ad2195c4f03aacba3a8265e57bc4cff261e802bf39970ed02a15",
              "url": "https://files.pythonhosted.org/packages/d7/de/85a784bcc4a3779d1753a7ec2dee5de90e18c7bcf402e71b51fcf150b129/hyperframe-6.0.1-py3-none-any.whl"
            },
            {
              "algorithm": "sha256",
              "hash": "ae510046231dc8e9ecb1a6586f63d2347bf4c8905914aa84ba585ae85f28a914",
              "url": "https://files.pythonhosted.org/packages/5a/2a/4747bff0a17f7281abe73e955d60d80aae537a5d203f417fa1c2e7578ebb/hyperframe-6.0.1.tar.gz"
            }
          ],
          "project_name": "hyperframe",
          "requires_dists": [],
          "requires_python": ">=3.6.1",
          "version": "6.0.1"
        },
        {
          "artifacts": [
            {
              "algorithm": "sha256",
              "hash": "f05d1b3623223dd1c70f7848da7d699de3d9a2550b902a8234d9026292fb5762",
              "url": "https://files.pythonhosted.org/packages/7c/2a/b3178baa75a3ec75a33588252296c82a1332d2b83cd01061539b74bde9dd/icdiff-2.0.7-py3-none-any.whl"
            },
            {
              "algorithm": "sha256",
              "hash": "f79a318891adbf59a45e3a7694f5e1f18c5407065264637072ac8363b759866f",
              "url": "https://files.pythonhosted.org/packages/fa/e4/43341832be5f2bcae71eb3ef08a07aaef9b74f74fe0b3675f62bd12057fe/icdiff-2.0.7.tar.gz"
            }
          ],
          "project_name": "icdiff",
          "requires_dists": [],
          "requires_python": null,
          "version": "2.0.7"
        },
        {
          "artifacts": [
            {
              "algorithm": "sha256",
              "hash": "82fee1fc78add43492d3a1898bfa6d8a904cc97d8427f683ed8e798d07761aa0",
              "url": "https://files.pythonhosted.org/packages/e5/3e/741d8c82801c347547f8a2a06aa57dbb1992be9e948df2ea0eda2c8b79e8/idna-3.7-py3-none-any.whl"
            },
            {
              "algorithm": "sha256",
              "hash": "028ff3aadf0609c1fd278d8ea3089299412a7a8b9bd005dd08b9f8285bcb5cfc",
              "url": "https://files.pythonhosted.org/packages/21/ed/f86a79a07470cb07819390452f178b3bef1d375f2ec021ecfc709fc7cf07/idna-3.7.tar.gz"
            }
          ],
          "project_name": "idna",
          "requires_dists": [],
          "requires_python": ">=3.5",
          "version": "3.7"
        },
        {
          "artifacts": [
            {
              "algorithm": "sha256",
              "hash": "b6a85871a79d2e3b22d2d1b94ac2824226a63c6b741c88f7ae975f18b6778374",
              "url": "https://files.pythonhosted.org/packages/ef/a6/62565a6e1cf69e10f5727360368e451d4b7f58beeac6173dc9db836a5b46/iniconfig-2.0.0-py3-none-any.whl"
            },
            {
              "algorithm": "sha256",
              "hash": "2d91e135bf72d31a410b17c16da610a82cb55f6b0477d1a902134b24a455b8b3",
              "url": "https://files.pythonhosted.org/packages/d7/4b/cbd8e699e64a6f16ca3a8220661b5f83792b3017d0f79807cb8708d33913/iniconfig-2.0.0.tar.gz"
            }
          ],
          "project_name": "iniconfig",
          "requires_dists": [],
          "requires_python": ">=3.7",
          "version": "2.0.0"
        },
        {
          "artifacts": [
            {
              "algorithm": "sha256",
              "hash": "5b8f2217dbdbd2f7f384c41c628544e6d52f2d0f53c6d0c3ea61aa5d1d7ff124",
              "url": "https://files.pythonhosted.org/packages/08/aa/cc0199a5f0ad350994d660967a8efb233fe0416e4639146c089643407ce6/packaging-24.1-py3-none-any.whl"
            },
            {
              "algorithm": "sha256",
              "hash": "026ed72c8ed3fcce5bf8950572258698927fd1dbda10a5e981cdf0ac37f4f002",
              "url": "https://files.pythonhosted.org/packages/51/65/50db4dda066951078f0a96cf12f4b9ada6e4b811516bf0262c0f4f7064d4/packaging-24.1.tar.gz"
            }
          ],
          "project_name": "packaging",
          "requires_dists": [],
          "requires_python": ">=3.8",
          "version": "24.1"
        },
        {
          "artifacts": [
            {
              "algorithm": "sha256",
              "hash": "44e1ad92c8ca002de6377e165f3e0f1be63266ab4d554740532335b9d75ea669",
              "url": "https://files.pythonhosted.org/packages/88/5f/e351af9a41f866ac3f1fac4ca0613908d9a41741cfcf2228f4ad853b697d/pluggy-1.5.0-py3-none-any.whl"
            },
            {
              "algorithm": "sha256",
              "hash": "2cffa88e94fdc978c4c574f15f9e59b7f4201d439195c3715ca9e2486f1d0cf1",
              "url": "https://files.pythonhosted.org/packages/96/2d/02d4312c973c6050a18b314a5ad0b3210edb65a906f868e31c111dede4a6/pluggy-1.5.0.tar.gz"
            }
          ],
          "project_name": "pluggy",
          "requires_dists": [
            "pre-commit; extra == \"dev\"",
            "pytest-benchmark; extra == \"testing\"",
            "pytest; extra == \"testing\"",
            "tox; extra == \"dev\""
          ],
          "requires_python": ">=3.8",
          "version": "1.5.0"
        },
        {
          "artifacts": [
            {
              "algorithm": "sha256",
              "hash": "b6b4dcdd0c0c0d75e4d7b2f21a9e933e5b2ce62b26e1a54537f9651ae5a5c01d",
              "url": "https://files.pythonhosted.org/packages/4e/d1/e4ed95fdd3ef13b78630280d9e9e240aeb65cc7c544ec57106149c3942fb/pprintpp-0.4.0-py2.py3-none-any.whl"
            },
            {
              "algorithm": "sha256",
              "hash": "ea826108e2c7f49dc6d66c752973c3fc9749142a798d6b254e1e301cfdbc6403",
              "url": "https://files.pythonhosted.org/packages/06/1a/7737e7a0774da3c3824d654993cf57adc915cb04660212f03406334d8c0b/pprintpp-0.4.0.tar.gz"
            }
          ],
          "project_name": "pprintpp",
          "requires_dists": [],
          "requires_python": null,
          "version": "0.4.0"
        },
        {
          "artifacts": [
            {
              "algorithm": "sha256",
              "hash": "73ee9fddd406dc318b885c7a2eab8a6472b68b8fb5ba8150949fc3db939f23c8",
              "url": "https://files.pythonhosted.org/packages/1f/fa/b7f815b8c9ad021c07f88875b601222ef5e70619391ade4a49234d12d278/pydantic-2.8.2-py3-none-any.whl"
            },
            {
              "algorithm": "sha256",
              "hash": "6f62c13d067b0755ad1c21a34bdd06c0c12625a22b0fc09c6b149816604f7c2a",
              "url": "https://files.pythonhosted.org/packages/8c/99/d0a5dca411e0a017762258013ba9905cd6e7baa9a3fd1fe8b6529472902e/pydantic-2.8.2.tar.gz"
            }
          ],
          "project_name": "pydantic",
          "requires_dists": [
            "annotated-types>=0.4.0",
            "email-validator>=2.0.0; extra == \"email\"",
            "pydantic-core==2.20.1",
            "typing-extensions>=4.12.2; python_version >= \"3.13\"",
            "typing-extensions>=4.6.1; python_version < \"3.13\""
          ],
          "requires_python": ">=3.8",
          "version": "2.8.2"
        },
        {
          "artifacts": [
            {
              "algorithm": "sha256",
              "hash": "9dc1b507c12eb0481d071f3c1808f0529ad41dc415d0ca11f7ebfc666e66a18b",
              "url": "https://files.pythonhosted.org/packages/4c/5b/fb37fe341344d9651f5c5f579639cd97d50a457dc53901aa8f7e9f28beb9/pydantic_core-2.20.1-cp311-cp311-musllinux_1_1_x86_64.whl"
            },
            {
              "algorithm": "sha256",
              "hash": "26ca695eeee5f9f1aeeb211ffc12f10bcb6f71e2989988fda61dabd65db878d4",
              "url": "https://files.pythonhosted.org/packages/12/e3/0d5ad91211dba310f7ded335f4dad871172b9cc9ce204f5a56d76ccd6247/pydantic_core-2.20.1.tar.gz"
            },
            {
              "algorithm": "sha256",
              "hash": "8ad4aeb3e9a97286573c03df758fc7627aecdd02f1da04516a86dc159bf70121",
              "url": "https://files.pythonhosted.org/packages/15/59/b2495be4410462aedb399071c71884042a2c6443319cbf62d00b4a7ed7a5/pydantic_core-2.20.1-cp311-cp311-manylinux_2_17_s390x.manylinux2014_s390x.whl"
            },
            {
              "algorithm": "sha256",
              "hash": "25e9185e2d06c16ee438ed39bf62935ec436474a6ac4f9358524220f1b236e43",
              "url": "https://files.pythonhosted.org/packages/31/0a/ac294caecf235f0cc651de6232f1642bb793af448d1cfc541b0dc1fd72b8/pydantic_core-2.20.1-cp311-cp311-manylinux_2_17_armv7l.manylinux2014_armv7l.whl"
            },
            {
              "algorithm": "sha256",
              "hash": "d3f3ed29cd9f978c604708511a1f9c2fdcb6c38b9aae36a51905b8811ee5cbf1",
              "url": "https://files.pythonhosted.org/packages/3c/ae/fc99ce1ba791c9e9d1dee04ce80eef1dae5b25b27e3fc8e19f4e3f1348bf/pydantic_core-2.20.1-cp311-cp311-manylinux_2_17_x86_64.manylinux2014_x86_64.whl"
            },
            {
              "algorithm": "sha256",
              "hash": "b0dae11d8f5ded51699c74d9548dcc5938e0804cc8298ec0aa0da95c21fff57b",
              "url": "https://files.pythonhosted.org/packages/44/bb/eb07cbe47cfd638603ce3cb8c220f1a054b821e666509e535f27ba07ca5f/pydantic_core-2.20.1-cp311-cp311-manylinux_2_5_i686.manylinux1_i686.whl"
            },
            {
              "algorithm": "sha256",
              "hash": "150906b40ff188a3260cbee25380e7494ee85048584998c1e66df0c7a11c17a6",
              "url": "https://files.pythonhosted.org/packages/46/a4/08f12b5512f095963550a7cb49ae010e3f8f3f22b45e508c2cb4d7744fce/pydantic_core-2.20.1-cp311-cp311-manylinux_2_17_ppc64le.manylinux2014_ppc64le.whl"
            },
            {
              "algorithm": "sha256",
              "hash": "d2a8fa9d6d6f891f3deec72f5cc668e6f66b188ab14bb1ab52422fe8e644f312",
              "url": "https://files.pythonhosted.org/packages/61/db/f6a724db226d990a329910727cfac43539ff6969edc217286dd05cda3ef6/pydantic_core-2.20.1-cp311-cp311-macosx_10_12_x86_64.whl"
            },
            {
              "algorithm": "sha256",
              "hash": "37eee5b638f0e0dcd18d21f59b679686bbd18917b87db0193ae36f9c23c355fc",
              "url": "https://files.pythonhosted.org/packages/93/ef/513ea76d7ca81f2354bb9c8d7839fc1157673e652613f7e1aff17d8ce05d/pydantic_core-2.20.1-cp311-cp311-manylinux_2_17_aarch64.manylinux2014_aarch64.whl"
            },
            {
              "algorithm": "sha256",
              "hash": "175873691124f3d0da55aeea1d90660a6ea7a3cfea137c38afa0a5ffabe37b88",
              "url": "https://files.pythonhosted.org/packages/9b/83/6f2bfe75209d557ae1c3550c1252684fc1827b8b12fbed84c3b4439e135d/pydantic_core-2.20.1-cp311-cp311-macosx_11_0_arm64.whl"
            },
            {
              "algorithm": "sha256",
              "hash": "faa6b09ee09433b87992fb5a2859efd1c264ddc37280d2dd5db502126d0e7f27",
              "url": "https://files.pythonhosted.org/packages/ce/ef/5a52400553b8faa0e7f11fd7a2ba11e8d2feb50b540f9e7973c49b97eac0/pydantic_core-2.20.1-cp311-cp311-musllinux_1_1_aarch64.whl"
            }
          ],
          "project_name": "pydantic-core",
          "requires_dists": [
            "typing-extensions!=4.7.0,>=4.6.0"
          ],
          "requires_python": ">=3.8",
          "version": "2.20.1"
        },
        {
          "artifacts": [
            {
              "algorithm": "sha256",
              "hash": "4ba08f9ae7dcf84ded419494d229b48d0903ea6407b030eaec46df5e6a73bba5",
              "url": "https://files.pythonhosted.org/packages/0f/f9/cf155cf32ca7d6fa3601bc4c5dd19086af4b320b706919d48a4c79081cf9/pytest-8.3.2-py3-none-any.whl"
            },
            {
              "algorithm": "sha256",
              "hash": "c132345d12ce551242c87269de812483f5bcc87cdbb4722e48487ba194f9fdce",
              "url": "https://files.pythonhosted.org/packages/b4/8c/9862305bdcd6020bc7b45b1b5e7397a6caf1a33d3025b9a003b39075ffb2/pytest-8.3.2.tar.gz"
            }
          ],
          "project_name": "pytest",
          "requires_dists": [
            "argcomplete; extra == \"dev\"",
            "attrs>=19.2; extra == \"dev\"",
            "colorama; sys_platform == \"win32\"",
            "exceptiongroup>=1.0.0rc8; python_version < \"3.11\"",
            "hypothesis>=3.56; extra == \"dev\"",
            "iniconfig",
            "mock; extra == \"dev\"",
            "packaging",
            "pluggy<2,>=1.5",
            "pygments>=2.7.2; extra == \"dev\"",
            "requests; extra == \"dev\"",
            "setuptools; extra == \"dev\"",
            "tomli>=1; python_version < \"3.11\"",
            "xmlschema; extra == \"dev\""
          ],
          "requires_python": ">=3.8",
          "version": "8.3.2"
        },
        {
          "artifacts": [
            {
              "algorithm": "sha256",
              "hash": "50265d892689a5faefb84df80819d1ecef566eb3549cf915dfb33569359d1ce2",
              "url": "https://files.pythonhosted.org/packages/ee/82/62e2d63639ecb0fbe8a7ee59ef0bc69a4669ec50f6d3459f74ad4e4189a2/pytest_asyncio-0.23.8-py3-none-any.whl"
            },
            {
              "algorithm": "sha256",
              "hash": "759b10b33a6dc61cce40a8bd5205e302978bbbcc00e279a8b61d9a6a3c82e4d3",
              "url": "https://files.pythonhosted.org/packages/de/b4/0b378b7bf26a8ae161c3890c0b48a91a04106c5713ce81b4b080ea2f4f18/pytest_asyncio-0.23.8.tar.gz"
            }
          ],
          "project_name": "pytest-asyncio",
          "requires_dists": [
            "coverage>=6.2; extra == \"testing\"",
            "hypothesis>=5.7.1; extra == \"testing\"",
            "pytest<9,>=7.0.0",
            "sphinx-rtd-theme>=1.0; extra == \"docs\"",
            "sphinx>=5.3; extra == \"docs\""
          ],
          "requires_python": ">=3.8",
          "version": "0.23.8"
        },
        {
          "artifacts": [
            {
              "algorithm": "sha256",
              "hash": "6d47849691faf11d2532565d0c8e0e02b9f4ee730da31687feae315581d7520c",
              "url": "https://files.pythonhosted.org/packages/14/60/ba9895a260e16c1115e40f8ae6f615c7e8ccdfa5d55418078391dd30b476/pytest_httpx-0.30.0-py3-none-any.whl"
            },
            {
              "algorithm": "sha256",
              "hash": "755b8edca87c974dd4f3605c374fda11db84631de3d163b99c0df5807023a19a",
              "url": "https://files.pythonhosted.org/packages/84/82/28ae814b16ac7c756d4a53797fbec98965b7d84dad3e50c3b4d56d3c0c77/pytest-httpx-0.30.0.tar.gz"
            }
          ],
          "project_name": "pytest-httpx",
          "requires_dists": [
            "httpx==0.27.*",
            "pytest-asyncio==0.23.*; extra == \"testing\"",
            "pytest-cov==4.*; extra == \"testing\"",
            "pytest<9,>=7"
          ],
          "requires_python": ">=3.9",
          "version": "0.30.0"
        },
        {
          "artifacts": [
            {
              "algorithm": "sha256",
              "hash": "efee0da3bd1b24ef2d923751c5c547fbb8df0a46795553fba08ef57c3ca03d82",
              "url": "https://files.pythonhosted.org/packages/e2/e1/cafe1edf7a30be6fa1bbbf43f7af12b34682eadcf19eb6e9f7352062c422/pytest_icdiff-0.9-py3-none-any.whl"
            },
            {
              "algorithm": "sha256",
              "hash": "13aede616202e57fcc882568b64589002ef85438046f012ac30a8d959dac8b75",
              "url": "https://files.pythonhosted.org/packages/5a/0c/66e1e2590e98f4428e374a3b6448dc086a908d15b1e24b914539d13b7ac4/pytest-icdiff-0.9.tar.gz"
            }
          ],
          "project_name": "pytest-icdiff",
          "requires_dists": [
            "icdiff",
            "pprintpp",
            "pytest"
          ],
          "requires_python": ">=3.7",
          "version": "0.9"
        },
        {
          "artifacts": [
            {
              "algorithm": "sha256",
              "hash": "0b72c38033392a5f4621342fe11e9219ac11ec9d375f8e2a0c164539e0d70f6f",
              "url": "https://files.pythonhosted.org/packages/f2/3b/b26f90f74e2986a82df6e7ac7e319b8ea7ccece1caec9f8ab6104dc70603/pytest_mock-3.14.0-py3-none-any.whl"
            },
            {
              "algorithm": "sha256",
              "hash": "2719255a1efeceadbc056d6bf3df3d1c5015530fb40cf347c0f9afac88410bd0",
              "url": "https://files.pythonhosted.org/packages/c6/90/a955c3ab35ccd41ad4de556596fa86685bf4fc5ffcc62d22d856cfd4e29a/pytest-mock-3.14.0.tar.gz"
            }
          ],
          "project_name": "pytest-mock",
          "requires_dists": [
            "pre-commit; extra == \"dev\"",
            "pytest-asyncio; extra == \"dev\"",
            "pytest>=6.2.5",
            "tox; extra == \"dev\""
          ],
          "requires_python": ">=3.8",
          "version": "3.14.0"
        },
        {
          "artifacts": [
            {
              "algorithm": "sha256",
              "hash": "f11dd94b7bae3a156a95ec151f24e4637fb4fa19c878e4d191bfb8b2d82728c4",
              "url": "https://files.pythonhosted.org/packages/6e/ec/06715d912351edc453e37f93f3fc80dcffd5ca0e70386c87529aca296f05/setuptools-72.2.0-py3-none-any.whl"
            },
            {
              "algorithm": "sha256",
              "hash": "80aacbf633704e9c8bfa1d99fa5dd4dc59573efcf9e4042c13d3bcef91ac2ef9",
              "url": "https://files.pythonhosted.org/packages/ce/ef/013ded5b0d259f3fa636bf35de186f0061c09fbe124020ce6b8db68c83af/setuptools-72.2.0.tar.gz"
            }
          ],
          "project_name": "setuptools",
          "requires_dists": [
            "build[virtualenv]>=1.0.3; extra == \"test\"",
            "filelock>=3.4.0; extra == \"test\"",
            "furo; extra == \"doc\"",
            "importlib-metadata; extra == \"test\"",
            "importlib-metadata>=6; python_version < \"3.10\" and extra == \"core\"",
            "importlib-resources>=5.10.2; python_version < \"3.9\" and extra == \"core\"",
            "ini2toml[lite]>=0.14; extra == \"test\"",
            "jaraco.develop>=7.21; (python_version >= \"3.9\" and sys_platform != \"cygwin\") and extra == \"test\"",
            "jaraco.envs>=2.2; extra == \"test\"",
            "jaraco.packaging>=9.3; extra == \"doc\"",
            "jaraco.path>=3.2.0; extra == \"test\"",
            "jaraco.test; extra == \"test\"",
            "jaraco.text>=3.7; extra == \"core\"",
            "jaraco.tidelift>=1.4; extra == \"doc\"",
            "more-itertools>=8.8; extra == \"core\"",
            "mypy==1.11.*; extra == \"test\"",
            "ordered-set>=3.1.1; extra == \"core\"",
            "packaging>=23.2; extra == \"test\"",
            "packaging>=24; extra == \"core\"",
            "pip>=19.1; extra == \"test\"",
            "platformdirs>=2.6.2; extra == \"core\"",
            "pygments-github-lexers==0.0.5; extra == \"doc\"",
            "pyproject-hooks!=1.1; extra == \"doc\"",
            "pyproject-hooks!=1.1; extra == \"test\"",
            "pytest!=8.1.*,>=6; extra == \"test\"",
            "pytest-checkdocs>=2.4; extra == \"test\"",
            "pytest-cov; extra == \"test\"",
            "pytest-enabler>=2.2; extra == \"test\"",
            "pytest-home>=0.5; extra == \"test\"",
            "pytest-mypy; extra == \"test\"",
            "pytest-perf; sys_platform != \"cygwin\" and extra == \"test\"",
            "pytest-ruff<0.4; platform_system == \"Windows\" and extra == \"test\"",
            "pytest-ruff>=0.2.1; sys_platform != \"cygwin\" and extra == \"test\"",
            "pytest-ruff>=0.3.2; sys_platform != \"cygwin\" and extra == \"test\"",
            "pytest-subprocess; extra == \"test\"",
            "pytest-timeout; extra == \"test\"",
            "pytest-xdist>=3; extra == \"test\"",
            "rst.linker>=1.9; extra == \"doc\"",
            "sphinx-favicon; extra == \"doc\"",
            "sphinx-inline-tabs; extra == \"doc\"",
            "sphinx-lint; extra == \"doc\"",
            "sphinx-notfound-page<2,>=1; extra == \"doc\"",
            "sphinx-reredirects; extra == \"doc\"",
            "sphinx>=3.5; extra == \"doc\"",
            "sphinxcontrib-towncrier; extra == \"doc\"",
            "tomli-w>=1.0.0; extra == \"test\"",
            "tomli; extra == \"test\"",
            "tomli>=2.0.1; python_version < \"3.11\" and extra == \"core\"",
            "towncrier<24.7; extra == \"doc\"",
            "virtualenv>=13.0.0; extra == \"test\"",
            "wheel; extra == \"test\"",
            "wheel>=0.43.0; extra == \"core\""
          ],
          "requires_python": ">=3.8",
          "version": "72.2.0"
        },
        {
          "artifacts": [
            {
              "algorithm": "sha256",
              "hash": "2f6da418d1f1e0fddd844478f41680e794e6051915791a034ff65e5f100525a2",
              "url": "https://files.pythonhosted.org/packages/e9/44/75a9c9421471a6c4805dbf2356f7c181a29c1879239abab1ea2cc8f38b40/sniffio-1.3.1-py3-none-any.whl"
            },
            {
              "algorithm": "sha256",
              "hash": "f4324edc670a0f49750a81b895f35c3adb843cca46f0530f79fc1babb23789dc",
              "url": "https://files.pythonhosted.org/packages/a2/87/a6771e1546d97e7e041b6ae58d80074f81b7d5121207425c964ddf5cfdbd/sniffio-1.3.1.tar.gz"
            }
          ],
          "project_name": "sniffio",
          "requires_dists": [],
          "requires_python": ">=3.7",
          "version": "1.3.1"
        },
        {
          "artifacts": [
            {
              "algorithm": "sha256",
              "hash": "597f61e80a91cc0749a9fd2a098ed76715a1c8a01f73e336b746504d1aad7610",
              "url": "https://files.pythonhosted.org/packages/bf/65/813fc133609ebcb1299be6a42e5aea99d6344afb35ccb43f67e7daaa3b92/structlog-24.4.0-py3-none-any.whl"
            },
            {
              "algorithm": "sha256",
              "hash": "b27bfecede327a6d2da5fbc96bd859f114ecc398a6389d664f62085ee7ae6fc4",
              "url": "https://files.pythonhosted.org/packages/78/a3/e811a94ac3853826805253c906faa99219b79951c7d58605e89c79e65768/structlog-24.4.0.tar.gz"
            }
          ],
          "project_name": "structlog",
          "requires_dists": [
            "cogapp; extra == \"docs\"",
            "freezegun>=0.2.8; extra == \"dev\"",
            "freezegun>=0.2.8; extra == \"tests\"",
            "furo; extra == \"docs\"",
            "mypy>=1.4; extra == \"dev\"",
            "mypy>=1.4; extra == \"typing\"",
            "myst-parser; extra == \"docs\"",
            "pretend; extra == \"dev\"",
            "pretend; extra == \"tests\"",
            "pytest-asyncio>=0.17; extra == \"dev\"",
            "pytest-asyncio>=0.17; extra == \"tests\"",
            "pytest>=6.0; extra == \"dev\"",
            "pytest>=6.0; extra == \"tests\"",
            "rich; extra == \"dev\"",
            "rich; extra == \"typing\"",
            "simplejson; extra == \"dev\"",
            "simplejson; extra == \"tests\"",
            "sphinx-notfound-page; extra == \"docs\"",
            "sphinx; extra == \"docs\"",
            "sphinxcontrib-mermaid; extra == \"docs\"",
            "sphinxext-opengraph; extra == \"docs\"",
            "twisted; extra == \"dev\"",
            "twisted; extra == \"docs\"",
            "twisted; extra == \"typing\""
          ],
          "requires_python": ">=3.8",
          "version": "24.4.0"
        },
        {
          "artifacts": [
            {
              "algorithm": "sha256",
              "hash": "7939eca4a8b4f9c6491b6e8ef160caee9a21d32e18534a57d5ed90aee47c66b4",
              "url": "https://files.pythonhosted.org/packages/c3/ad/c4b3275d21c5be79487c4f6ed7cd13336997746fe099236cb29256a44a90/types_aiofiles-24.1.0.20240626-py3-none-any.whl"
            },
            {
              "algorithm": "sha256",
              "hash": "48604663e24bc2d5038eac05ccc33e75799b0779e93e13d6a8f711ddc306ac08",
              "url": "https://files.pythonhosted.org/packages/13/e9/013940b017c313c2e15c64017268fdb0c25e0638621fb8a5d9ebe00fb0f4/types-aiofiles-24.1.0.20240626.tar.gz"
            }
          ],
          "project_name": "types-aiofiles",
          "requires_dists": [],
          "requires_python": ">=3.8",
          "version": "24.1.0.20240626"
        },
        {
          "artifacts": [
            {
              "algorithm": "sha256",
              "hash": "c4f95302f88369ac0ac46c67ddbfc70c6c4dbbb184d9fed356244217a2934025",
              "url": "https://files.pythonhosted.org/packages/5f/8b/96a7ad4a355aab5688f58517d946a37975e3baa8b71d4cd3b5f87ff77b23/types_setuptools-71.1.0.20240818-py3-none-any.whl"
            },
            {
              "algorithm": "sha256",
              "hash": "f62eaffaa39774462c65fbb49368c4dc1d91a90a28371cb14e1af090ff0e41e3",
              "url": "https://files.pythonhosted.org/packages/a8/83/8d5e04e8b08f70752489809fa7a9b18b7fb20554dff633293b11cdf0b5bc/types-setuptools-71.1.0.20240818.tar.gz"
            }
          ],
          "project_name": "types-setuptools",
          "requires_dists": [],
          "requires_python": ">=3.8",
          "version": "71.1.0.20240818"
        },
        {
          "artifacts": [
            {
              "algorithm": "sha256",
              "hash": "04e5ca0351e0f3f85c6853954072df659d0d13fac324d0072316b67d7794700d",
              "url": "https://files.pythonhosted.org/packages/26/9f/ad63fc0248c5379346306f8668cda6e2e2e9c95e01216d2b8ffd9ff037d0/typing_extensions-4.12.2-py3-none-any.whl"
            },
            {
              "algorithm": "sha256",
              "hash": "1a7ead55c7e559dd4dee8856e3a88b41225abfe1ce8df57b7c13915fe121ffb8",
              "url": "https://files.pythonhosted.org/packages/df/db/f35a00659bc03fec321ba8bce9420de607a1d37f8342eee1863174c69557/typing_extensions-4.12.2.tar.gz"
            }
          ],
          "project_name": "typing-extensions",
          "requires_dists": [],
          "requires_python": ">=3.8",
          "version": "4.12.2"
        },
        {
          "artifacts": [
            {
              "algorithm": "sha256",
              "hash": "134b586a98894f8139865953899fc2daeb3d0c35569552c5518f089ae43ed075",
              "url": "https://files.pythonhosted.org/packages/04/22/91b4bd36df27e651daedd93d03d5d3bb6029fdb0b55494e45ee46c36c570/validators-0.33.0-py3-none-any.whl"
            },
            {
              "algorithm": "sha256",
              "hash": "535867e9617f0100e676a1257ba1e206b9bfd847ddc171e4d44811f07ff0bfbf",
              "url": "https://files.pythonhosted.org/packages/5d/af/5ad4fed95276e3eb7628d858c88cd205799bcad847e46223760a3129cbb1/validators-0.33.0.tar.gz"
            }
          ],
          "project_name": "validators",
          "requires_dists": [
            "eth-hash[pycryptodome]>=0.7.0; extra == \"crypto-eth-addresses\""
          ],
          "requires_python": ">=3.8",
          "version": "0.33.0"
        }
      ],
      "platform_tag": null
    }
  ],
  "only_builds": [],
  "only_wheels": [],
  "path_mappings": {},
  "pex_version": "2.3.1",
  "pip_version": "24.0",
  "prefer_older_binary": false,
  "requirements": [
    "aiofiles==24.1.0",
    "ansicolors==1.1.8",
    "click==8.1.7",
    "httpx[http2]==0.27.0",
    "pydantic==2.8.2",
    "pytest-asyncio==0.23.8",
    "pytest-httpx==0.30.0",
    "pytest-icdiff==0.9",
    "pytest-mock==3.14.0",
    "pytest==8.3.2",
    "setuptools<73,>=72.1.0",
    "structlog>=24.4.0",
    "types-aiofiles==24.1.0.20240626",
    "types-setuptools<72,>=71.1.0.20240806",
    "validators==0.33.0"
  ],
  "requires_python": [
    "==3.11.*"
  ],
  "resolver_version": "pip-2020-resolver",
  "style": "universal",
  "target_systems": [
    "linux",
    "mac"
  ],
  "transitive": true,
  "use_pep517": null
}
